
Microsoft Visual Studio Solution File, Format Version 12.00
# Visual Studio Version 16
VisualStudioVersion = 16.0.30717.126
MinimumVisualStudioVersion = 10.0.40219.1
Project("{FAE04EC0-301F-11D3-BF4B-00C04F79EFBC}") = "Dietiy.App", "Dietiy.App\Dietiy.App.csproj", "{63EC6DFB-4DFE-466F-BED7-FC2B9D72C5AB}"
EndProject
Project("{FAE04EC0-301F-11D3-BF4B-00C04F79EFBC}") = "Dietiy.Entities", "Dietiy.Entities\Dietiy.Entities.csproj", "{396B416F-E807-4608-9DCC-4EC7B3BFCCD8}"
EndProject
Project("{FAE04EC0-301F-11D3-BF4B-00C04F79EFBC}") = "Dietiy.Services", "Dietiy.Services\Dietiy.Services.csproj", "{CF714DEA-2CA5-4BB6-BC3C-6F5D94C0F7C9}"
EndProject
Project("{FAE04EC0-301F-11D3-BF4B-00C04F79EFBC}") = "Dietiy.Data", "Dietiy.Data\Dietiy.Data.csproj", "{8319F5F4-76FD-4496-87AC-97A18D536346}"
EndProject
Project("{FAE04EC0-301F-11D3-BF4B-00C04F79EFBC}") = "Dietiy.Utilities", "Dietiy.Utilities\Dietiy.Utilities.csproj", "{C24B6CB5-29A9-4086-B8B2-47BB7D113D80}"
EndProject
Global
	GlobalSection(SolutionConfigurationPlatforms) = preSolution
		Debug|Any CPU = Debug|Any CPU
		Release|Any CPU = Release|Any CPU
	EndGlobalSection
	GlobalSection(ProjectConfigurationPlatforms) = postSolution
		{63EC6DFB-4DFE-466F-BED7-FC2B9D72C5AB}.Debug|Any CPU.ActiveCfg = Debug|Any CPU
		{63EC6DFB-4DFE-466F-BED7-FC2B9D72C5AB}.Debug|Any CPU.Build.0 = Debug|Any CPU
		{63EC6DFB-4DFE-466F-BED7-FC2B9D72C5AB}.Release|Any CPU.ActiveCfg = Release|Any CPU
		{63EC6DFB-4DFE-466F-BED7-FC2B9D72C5AB}.Release|Any CPU.Build.0 = Release|Any CPU
		{396B416F-E807-4608-9DCC-4EC7B3BFCCD8}.Debug|Any CPU.ActiveCfg = Debug|Any CPU
		{396B416F-E807-4608-9DCC-4EC7B3BFCCD8}.Debug|Any CPU.Build.0 = Debug|Any CPU
		{396B416F-E807-4608-9DCC-4EC7B3BFCCD8}.Release|Any CPU.ActiveCfg = Release|Any CPU
		{396B416F-E807-4608-9DCC-4EC7B3BFCCD8}.Release|Any CPU.Build.0 = Release|Any CPU
		{CF714DEA-2CA5-4BB6-BC3C-6F5D94C0F7C9}.Debug|Any CPU.ActiveCfg = Debug|Any CPU
		{CF714DEA-2CA5-4BB6-BC3C-6F5D94C0F7C9}.Debug|Any CPU.Build.0 = Debug|Any CPU
		{CF714DEA-2CA5-4BB6-BC3C-6F5D94C0F7C9}.Release|Any CPU.ActiveCfg = Release|Any CPU
		{CF714DEA-2CA5-4BB6-BC3C-6F5D94C0F7C9}.Release|Any CPU.Build.0 = Release|Any CPU
		{8319F5F4-76FD-4496-87AC-97A18D536346}.Debug|Any CPU.ActiveCfg = Debug|Any CPU
		{8319F5F4-76FD-4496-87AC-97A18D536346}.Debug|Any CPU.Build.0 = Debug|Any CPU
		{8319F5F4-76FD-4496-87AC-97A18D536346}.Release|Any CPU.ActiveCfg = Release|Any CPU
		{8319F5F4-76FD-4496-87AC-97A18D536346}.Release|Any CPU.Build.0 = Release|Any CPU
		{C24B6CB5-29A9-4086-B8B2-47BB7D113D80}.Debug|Any CPU.ActiveCfg = Debug|Any CPU
		{C24B6CB5-29A9-4086-B8B2-47BB7D113D80}.Debug|Any CPU.Build.0 = Debug|Any CPU
		{C24B6CB5-29A9-4086-B8B2-47BB7D113D80}.Release|Any CPU.ActiveCfg = Release|Any CPU
		{C24B6CB5-29A9-4086-B8B2-47BB7D113D80}.Release|Any CPU.Build.0 = Release|Any CPU
	EndGlobalSection
	GlobalSection(SolutionProperties) = preSolution
		HideSolutionNode = FALSE
	EndGlobalSection
	GlobalSection(ExtensibilityGlobals) = postSolution
		SolutionGuid = {10E5D5DF-DB31-4063-9F0A-CF981845B737}
	EndGlobalSection
EndGlobal
